
Microsoft Visual Studio Solution File, Format Version 12.00
# Visual Studio Version 16
VisualStudioVersion = 16.0.30128.74
MinimumVisualStudioVersion = 10.0.40219.1
Project("{FAE04EC0-301F-11D3-BF4B-00C04F79EFBC}") = "MatrixCalculatorWPF", "MatrixCalculatorWPF.csproj", "{B1BC7865-FCF9-4E12-B0F6-853320E93C8E}"
EndProject
Project("{54435603-DBB4-11D2-8724-00A0C9A8B90C}") = "MatrixCalculatorSetup", "Setup\MatrixCalculatorSetup.vdproj", "{3B705F0D-4A65-4E1C-B802-C748E733818E}"
EndProject
Global
	GlobalSection(SolutionConfigurationPlatforms) = preSolution
		Debug|Any CPU = Debug|Any CPU
		Release|Any CPU = Release|Any CPU
	EndGlobalSection
	GlobalSection(ProjectConfigurationPlatforms) = postSolution
		{B1BC7865-FCF9-4E12-B0F6-853320E93C8E}.Debug|Any CPU.ActiveCfg = Debug|Any CPU
		{B1BC7865-FCF9-4E12-B0F6-853320E93C8E}.Debug|Any CPU.Build.0 = Debug|Any CPU
		{B1BC7865-FCF9-4E12-B0F6-853320E93C8E}.Release|Any CPU.ActiveCfg = Release|Any CPU
		{B1BC7865-FCF9-4E12-B0F6-853320E93C8E}.Release|Any CPU.Build.0 = Release|Any CPU
		{3B705F0D-4A65-4E1C-B802-C748E733818E}.Debug|Any CPU.ActiveCfg = Debug
		{3B705F0D-4A65-4E1C-B802-C748E733818E}.Release|Any CPU.ActiveCfg = Release
	EndGlobalSection
	GlobalSection(SolutionProperties) = preSolution
		HideSolutionNode = FALSE
	EndGlobalSection
	GlobalSection(ExtensibilityGlobals) = postSolution
		SolutionGuid = {6E323337-58CD-4B69-973F-815C578789D1}
	EndGlobalSection
EndGlobal
